
Microsoft Visual Studio Solution File, Format Version 12.00
# Visual Studio 2012
VisualStudioVersion = 14.0.25123.0
MinimumVisualStudioVersion = 10.0.40219.1
Project("{FAE04EC0-301F-11D3-BF4B-00C04F79EFBC}") = "UG.Mobile.Framework", "UG.Mobile.Framework\UG.Mobile.Framework.csproj", "{8B4044B2-C9AD-4E2F-90EA-420F7A46D6B3}"
EndProject
Project("{FAE04EC0-301F-11D3-BF4B-00C04F79EFBC}") = "Sync7i.Mobile.BusinessLogics", "Sync7i.Mobile.BusinessLogics\Sync7i.Mobile.BusinessLogics.csproj", "{DB947194-9A53-4A2C-A72C-3E60B9C7A001}"
EndProject
Project("{FAE04EC0-301F-11D3-BF4B-00C04F79EFBC}") = "Sync7i.Mobile.BusinessEntities", "Sync7i.Mobile.BusinessEntities\Sync7i.Mobile.BusinessEntities.csproj", "{6823A810-E391-43B9-91E0-F100324785E0}"
EndProject
Project("{FAE04EC0-301F-11D3-BF4B-00C04F79EFBC}") = "Sync7i.Mobile.DataAccess", "Sync7i.Mobile.DataAccess\Sync7i.Mobile.DataAccess.csproj", "{B2F4A4E7-5582-4FE1-A43B-BEA52E7F9CC6}"
EndProject
Project("{FAE04EC0-301F-11D3-BF4B-00C04F79EFBC}") = "Sync7i.Mobile.SqliteDataAccess", "Sync7i.Mobile.SqliteDataAccess\Sync7i.Mobile.SqliteDataAccess.csproj", "{CFC9F457-E155-4D2A-85E7-442D1934243A}"
EndProject
Project("{FAE04EC0-301F-11D3-BF4B-00C04F79EFBC}") = "Sync7i.Mobile.Agents", "Sync7i.Mobile.Agents\Sync7i.Mobile.Agents.csproj", "{C311C808-3458-4BFF-9C26-7C9A92F557DF}"
EndProject
Project("{FAE04EC0-301F-11D3-BF4B-00C04F79EFBC}") = "Sync7i.Mobile.Common", "Sync7i.Mobile.Common\Sync7i.Mobile.Common.csproj", "{4CFCEB39-9CDA-46A3-9C0C-5AE075B7850C}"
EndProject
Project("{FAE04EC0-301F-11D3-BF4B-00C04F79EFBC}") = "Sync7i.Mobile.Share", "Sync7i.Mobile.Share\Sync7i.Mobile.Share.csproj", "{C11AA5BE-F071-4EE9-AAEF-4B7F0B1534E5}"
EndProject
Project("{FAE04EC0-301F-11D3-BF4B-00C04F79EFBC}") = "Sync7i.Mobile.Droid.UITests", "Sync7i.Mobile.Droid.UITests\Sync7i.Mobile.Droid.UITests.csproj", "{297F4696-98DA-4724-B5A7-9C799EBBD529}"
EndProject
Project("{FAE04EC0-301F-11D3-BF4B-00C04F79EFBC}") = "Sync7i.Mobile.Droid", "Sync7i.Mobile.Droid\Sync7i.Mobile.Droid.csproj", "{2AC48CC7-2058-46D1-A2C9-BA85F0461FC3}"
EndProject
Project("{2150E333-8FDC-42A3-9474-1A3956D46DE8}") = ".nuget", ".nuget", "{E1A89755-4481-45C0-9C92-31161ABB79BB}"
	ProjectSection(SolutionItems) = preProject
		.nuget\NuGet.Config = .nuget\NuGet.Config
		.nuget\NuGet.exe = .nuget\NuGet.exe
		.nuget\NuGet.targets = .nuget\NuGet.targets
	EndProjectSection
EndProject
Global
	GlobalSection(SolutionConfigurationPlatforms) = preSolution
		Debug|Any CPU = Debug|Any CPU
		Debug|ARM = Debug|ARM
		Debug|iPhone = Debug|iPhone
		Debug|iPhoneSimulator = Debug|iPhoneSimulator
		Debug|x86 = Debug|x86
		Debug-Mock|Any CPU = Debug-Mock|Any CPU
		Debug-Mock|ARM = Debug-Mock|ARM
		Debug-Mock|iPhone = Debug-Mock|iPhone
		Debug-Mock|iPhoneSimulator = Debug-Mock|iPhoneSimulator
		Debug-Mock|x86 = Debug-Mock|x86
		Release|Any CPU = Release|Any CPU
		Release|ARM = Release|ARM
		Release|iPhone = Release|iPhone
		Release|iPhoneSimulator = Release|iPhoneSimulator
		Release|x86 = Release|x86
	EndGlobalSection
	GlobalSection(ProjectConfigurationPlatforms) = postSolution
		{297F4696-98DA-4724-B5A7-9C799EBBD529}.Debug|Any CPU.ActiveCfg = Debug|Any CPU
		{297F4696-98DA-4724-B5A7-9C799EBBD529}.Debug|Any CPU.Build.0 = Debug|Any CPU
		{297F4696-98DA-4724-B5A7-9C799EBBD529}.Debug|ARM.ActiveCfg = Debug|Any CPU
		{297F4696-98DA-4724-B5A7-9C799EBBD529}.Debug|ARM.Build.0 = Debug|Any CPU
		{297F4696-98DA-4724-B5A7-9C799EBBD529}.Debug|iPhone.ActiveCfg = Debug|Any CPU
		{297F4696-98DA-4724-B5A7-9C799EBBD529}.Debug|iPhone.Build.0 = Debug|Any CPU
		{297F4696-98DA-4724-B5A7-9C799EBBD529}.Debug|iPhoneSimulator.ActiveCfg = Debug|Any CPU
		{297F4696-98DA-4724-B5A7-9C799EBBD529}.Debug|iPhoneSimulator.Build.0 = Debug|Any CPU
		{297F4696-98DA-4724-B5A7-9C799EBBD529}.Debug|x86.ActiveCfg = Debug|Any CPU
		{297F4696-98DA-4724-B5A7-9C799EBBD529}.Debug|x86.Build.0 = Debug|Any CPU
		{297F4696-98DA-4724-B5A7-9C799EBBD529}.Debug-Mock|Any CPU.ActiveCfg = Debug|Any CPU
		{297F4696-98DA-4724-B5A7-9C799EBBD529}.Debug-Mock|ARM.ActiveCfg = Debug|Any CPU
		{297F4696-98DA-4724-B5A7-9C799EBBD529}.Debug-Mock|iPhone.ActiveCfg = Debug|Any CPU
		{297F4696-98DA-4724-B5A7-9C799EBBD529}.Debug-Mock|iPhone.Build.0 = Debug|Any CPU
		{297F4696-98DA-4724-B5A7-9C799EBBD529}.Debug-Mock|iPhoneSimulator.ActiveCfg = Debug|Any CPU
		{297F4696-98DA-4724-B5A7-9C799EBBD529}.Debug-Mock|iPhoneSimulator.Build.0 = Debug|Any CPU
		{297F4696-98DA-4724-B5A7-9C799EBBD529}.Debug-Mock|x86.ActiveCfg = Debug|Any CPU
		{297F4696-98DA-4724-B5A7-9C799EBBD529}.Release|Any CPU.ActiveCfg = Release|Any CPU
		{297F4696-98DA-4724-B5A7-9C799EBBD529}.Release|Any CPU.Build.0 = Release|Any CPU
		{297F4696-98DA-4724-B5A7-9C799EBBD529}.Release|ARM.ActiveCfg = Release|Any CPU
		{297F4696-98DA-4724-B5A7-9C799EBBD529}.Release|ARM.Build.0 = Release|Any CPU
		{297F4696-98DA-4724-B5A7-9C799EBBD529}.Release|iPhone.ActiveCfg = Release|Any CPU
		{297F4696-98DA-4724-B5A7-9C799EBBD529}.Release|iPhone.Build.0 = Release|Any CPU
		{297F4696-98DA-4724-B5A7-9C799EBBD529}.Release|iPhoneSimulator.ActiveCfg = Release|Any CPU
		{297F4696-98DA-4724-B5A7-9C799EBBD529}.Release|iPhoneSimulator.Build.0 = Release|Any CPU
		{297F4696-98DA-4724-B5A7-9C799EBBD529}.Release|x86.ActiveCfg = Release|Any CPU
		{297F4696-98DA-4724-B5A7-9C799EBBD529}.Release|x86.Build.0 = Release|Any CPU
		{4CFCEB39-9CDA-46A3-9C0C-5AE075B7850C}.Debug|Any CPU.ActiveCfg = Debug|Any CPU
		{4CFCEB39-9CDA-46A3-9C0C-5AE075B7850C}.Debug|Any CPU.Build.0 = Debug|Any CPU
		{4CFCEB39-9CDA-46A3-9C0C-5AE075B7850C}.Debug|ARM.ActiveCfg = Debug|Any CPU
		{4CFCEB39-9CDA-46A3-9C0C-5AE075B7850C}.Debug|ARM.Build.0 = Debug|Any CPU
		{4CFCEB39-9CDA-46A3-9C0C-5AE075B7850C}.Debug|iPhone.ActiveCfg = Debug|Any CPU
		{4CFCEB39-9CDA-46A3-9C0C-5AE075B7850C}.Debug|iPhone.Build.0 = Debug|Any CPU
		{4CFCEB39-9CDA-46A3-9C0C-5AE075B7850C}.Debug|iPhoneSimulator.ActiveCfg = Debug|Any CPU
		{4CFCEB39-9CDA-46A3-9C0C-5AE075B7850C}.Debug|iPhoneSimulator.Build.0 = Debug|Any CPU
		{4CFCEB39-9CDA-46A3-9C0C-5AE075B7850C}.Debug|x86.ActiveCfg = Debug|Any CPU
		{4CFCEB39-9CDA-46A3-9C0C-5AE075B7850C}.Debug|x86.Build.0 = Debug|Any CPU
		{4CFCEB39-9CDA-46A3-9C0C-5AE075B7850C}.Debug-Mock|Any CPU.ActiveCfg = Debug|Any CPU
		{4CFCEB39-9CDA-46A3-9C0C-5AE075B7850C}.Debug-Mock|ARM.ActiveCfg = Debug|Any CPU
		{4CFCEB39-9CDA-46A3-9C0C-5AE075B7850C}.Debug-Mock|iPhone.ActiveCfg = Debug|Any CPU
		{4CFCEB39-9CDA-46A3-9C0C-5AE075B7850C}.Debug-Mock|iPhone.Build.0 = Debug|Any CPU
		{4CFCEB39-9CDA-46A3-9C0C-5AE075B7850C}.Debug-Mock|iPhoneSimulator.ActiveCfg = Debug|Any CPU
		{4CFCEB39-9CDA-46A3-9C0C-5AE075B7850C}.Debug-Mock|iPhoneSimulator.Build.0 = Debug|Any CPU
		{4CFCEB39-9CDA-46A3-9C0C-5AE075B7850C}.Debug-Mock|x86.ActiveCfg = Debug|Any CPU
		{4CFCEB39-9CDA-46A3-9C0C-5AE075B7850C}.Release|Any CPU.ActiveCfg = Release|Any CPU
		{4CFCEB39-9CDA-46A3-9C0C-5AE075B7850C}.Release|Any CPU.Build.0 = Release|Any CPU
		{4CFCEB39-9CDA-46A3-9C0C-5AE075B7850C}.Release|ARM.ActiveCfg = Release|Any CPU
		{4CFCEB39-9CDA-46A3-9C0C-5AE075B7850C}.Release|ARM.Build.0 = Release|Any CPU
		{4CFCEB39-9CDA-46A3-9C0C-5AE075B7850C}.Release|iPhone.ActiveCfg = Release|Any CPU
		{4CFCEB39-9CDA-46A3-9C0C-5AE075B7850C}.Release|iPhone.Build.0 = Release|Any CPU
		{4CFCEB39-9CDA-46A3-9C0C-5AE075B7850C}.Release|iPhoneSimulator.ActiveCfg = Release|Any CPU
		{4CFCEB39-9CDA-46A3-9C0C-5AE075B7850C}.Release|iPhoneSimulator.Build.0 = Release|Any CPU
		{4CFCEB39-9CDA-46A3-9C0C-5AE075B7850C}.Release|x86.ActiveCfg = Release|Any CPU
		{4CFCEB39-9CDA-46A3-9C0C-5AE075B7850C}.Release|x86.Build.0 = Release|Any CPU
		{6823A810-E391-43B9-91E0-F100324785E0}.Debug|Any CPU.ActiveCfg = Debug|Any CPU
		{6823A810-E391-43B9-91E0-F100324785E0}.Debug|Any CPU.Build.0 = Debug|Any CPU
		{6823A810-E391-43B9-91E0-F100324785E0}.Debug|ARM.ActiveCfg = Debug|Any CPU
		{6823A810-E391-43B9-91E0-F100324785E0}.Debug|iPhone.ActiveCfg = Debug|Any CPU
		{6823A810-E391-43B9-91E0-F100324785E0}.Debug|iPhone.Build.0 = Debug|Any CPU
		{6823A810-E391-43B9-91E0-F100324785E0}.Debug|iPhoneSimulator.ActiveCfg = Debug|Any CPU
		{6823A810-E391-43B9-91E0-F100324785E0}.Debug|iPhoneSimulator.Build.0 = Debug|Any CPU
		{6823A810-E391-43B9-91E0-F100324785E0}.Debug|x86.ActiveCfg = Debug|Any CPU
		{6823A810-E391-43B9-91E0-F100324785E0}.Debug-Mock|Any CPU.ActiveCfg = Debug|Any CPU
		{6823A810-E391-43B9-91E0-F100324785E0}.Debug-Mock|ARM.ActiveCfg = Debug|Any CPU
		{6823A810-E391-43B9-91E0-F100324785E0}.Debug-Mock|iPhone.ActiveCfg = Debug|Any CPU
		{6823A810-E391-43B9-91E0-F100324785E0}.Debug-Mock|iPhone.Build.0 = Debug|Any CPU
		{6823A810-E391-43B9-91E0-F100324785E0}.Debug-Mock|iPhoneSimulator.ActiveCfg = Debug|Any CPU
		{6823A810-E391-43B9-91E0-F100324785E0}.Debug-Mock|iPhoneSimulator.Build.0 = Debug|Any CPU
		{6823A810-E391-43B9-91E0-F100324785E0}.Debug-Mock|x86.ActiveCfg = Debug|Any CPU
		{6823A810-E391-43B9-91E0-F100324785E0}.Release|Any CPU.ActiveCfg = Release|Any CPU
		{6823A810-E391-43B9-91E0-F100324785E0}.Release|Any CPU.Build.0 = Release|Any CPU
		{6823A810-E391-43B9-91E0-F100324785E0}.Release|ARM.ActiveCfg = Release|Any CPU
		{6823A810-E391-43B9-91E0-F100324785E0}.Release|iPhone.ActiveCfg = Release|Any CPU
		{6823A810-E391-43B9-91E0-F100324785E0}.Release|iPhone.Build.0 = Release|Any CPU
		{6823A810-E391-43B9-91E0-F100324785E0}.Release|iPhoneSimulator.ActiveCfg = Release|Any CPU
		{6823A810-E391-43B9-91E0-F100324785E0}.Release|iPhoneSimulator.Build.0 = Release|Any CPU
		{6823A810-E391-43B9-91E0-F100324785E0}.Release|x86.ActiveCfg = Release|Any CPU
		{8B4044B2-C9AD-4E2F-90EA-420F7A46D6B3}.Debug|Any CPU.ActiveCfg = Debug|Any CPU
		{8B4044B2-C9AD-4E2F-90EA-420F7A46D6B3}.Debug|Any CPU.Build.0 = Debug|Any CPU
		{8B4044B2-C9AD-4E2F-90EA-420F7A46D6B3}.Debug|ARM.ActiveCfg = Debug|Any CPU
		{8B4044B2-C9AD-4E2F-90EA-420F7A46D6B3}.Debug|iPhone.ActiveCfg = Debug|Any CPU
		{8B4044B2-C9AD-4E2F-90EA-420F7A46D6B3}.Debug|iPhone.Build.0 = Debug|Any CPU
		{8B4044B2-C9AD-4E2F-90EA-420F7A46D6B3}.Debug|iPhoneSimulator.ActiveCfg = Debug|Any CPU
		{8B4044B2-C9AD-4E2F-90EA-420F7A46D6B3}.Debug|iPhoneSimulator.Build.0 = Debug|Any CPU
		{8B4044B2-C9AD-4E2F-90EA-420F7A46D6B3}.Debug|x86.ActiveCfg = Debug|Any CPU
		{8B4044B2-C9AD-4E2F-90EA-420F7A46D6B3}.Debug-Mock|Any CPU.ActiveCfg = Debug|Any CPU
		{8B4044B2-C9AD-4E2F-90EA-420F7A46D6B3}.Debug-Mock|ARM.ActiveCfg = Debug|Any CPU
		{8B4044B2-C9AD-4E2F-90EA-420F7A46D6B3}.Debug-Mock|iPhone.ActiveCfg = Debug|Any CPU
		{8B4044B2-C9AD-4E2F-90EA-420F7A46D6B3}.Debug-Mock|iPhone.Build.0 = Debug|Any CPU
		{8B4044B2-C9AD-4E2F-90EA-420F7A46D6B3}.Debug-Mock|iPhoneSimulator.ActiveCfg = Debug|Any CPU
		{8B4044B2-C9AD-4E2F-90EA-420F7A46D6B3}.Debug-Mock|iPhoneSimulator.Build.0 = Debug|Any CPU
		{8B4044B2-C9AD-4E2F-90EA-420F7A46D6B3}.Debug-Mock|x86.ActiveCfg = Debug|Any CPU
		{8B4044B2-C9AD-4E2F-90EA-420F7A46D6B3}.Release|Any CPU.ActiveCfg = Release|Any CPU
		{8B4044B2-C9AD-4E2F-90EA-420F7A46D6B3}.Release|Any CPU.Build.0 = Release|Any CPU
		{8B4044B2-C9AD-4E2F-90EA-420F7A46D6B3}.Release|ARM.ActiveCfg = Release|Any CPU
		{8B4044B2-C9AD-4E2F-90EA-420F7A46D6B3}.Release|iPhone.ActiveCfg = Release|Any CPU
		{8B4044B2-C9AD-4E2F-90EA-420F7A46D6B3}.Release|iPhone.Build.0 = Release|Any CPU
		{8B4044B2-C9AD-4E2F-90EA-420F7A46D6B3}.Release|iPhoneSimulator.ActiveCfg = Release|Any CPU
		{8B4044B2-C9AD-4E2F-90EA-420F7A46D6B3}.Release|iPhoneSimulator.Build.0 = Release|Any CPU
		{8B4044B2-C9AD-4E2F-90EA-420F7A46D6B3}.Release|x86.ActiveCfg = Release|Any CPU
		{B2F4A4E7-5582-4FE1-A43B-BEA52E7F9CC6}.Debug|Any CPU.ActiveCfg = Debug|Any CPU
		{B2F4A4E7-5582-4FE1-A43B-BEA52E7F9CC6}.Debug|Any CPU.Build.0 = Debug|Any CPU
		{B2F4A4E7-5582-4FE1-A43B-BEA52E7F9CC6}.Debug|ARM.ActiveCfg = Debug|Any CPU
		{B2F4A4E7-5582-4FE1-A43B-BEA52E7F9CC6}.Debug|iPhone.ActiveCfg = Debug|Any CPU
		{B2F4A4E7-5582-4FE1-A43B-BEA52E7F9CC6}.Debug|iPhone.Build.0 = Debug|Any CPU
		{B2F4A4E7-5582-4FE1-A43B-BEA52E7F9CC6}.Debug|iPhoneSimulator.ActiveCfg = Debug|Any CPU
		{B2F4A4E7-5582-4FE1-A43B-BEA52E7F9CC6}.Debug|iPhoneSimulator.Build.0 = Debug|Any CPU
		{B2F4A4E7-5582-4FE1-A43B-BEA52E7F9CC6}.Debug|x86.ActiveCfg = Debug|Any CPU
		{B2F4A4E7-5582-4FE1-A43B-BEA52E7F9CC6}.Debug-Mock|Any CPU.ActiveCfg = Debug|Any CPU
		{B2F4A4E7-5582-4FE1-A43B-BEA52E7F9CC6}.Debug-Mock|ARM.ActiveCfg = Debug|Any CPU
		{B2F4A4E7-5582-4FE1-A43B-BEA52E7F9CC6}.Debug-Mock|iPhone.ActiveCfg = Debug|Any CPU
		{B2F4A4E7-5582-4FE1-A43B-BEA52E7F9CC6}.Debug-Mock|iPhone.Build.0 = Debug|Any CPU
		{B2F4A4E7-5582-4FE1-A43B-BEA52E7F9CC6}.Debug-Mock|iPhoneSimulator.ActiveCfg = Debug|Any CPU
		{B2F4A4E7-5582-4FE1-A43B-BEA52E7F9CC6}.Debug-Mock|iPhoneSimulator.Build.0 = Debug|Any CPU
		{B2F4A4E7-5582-4FE1-A43B-BEA52E7F9CC6}.Debug-Mock|x86.ActiveCfg = Debug|Any CPU
		{B2F4A4E7-5582-4FE1-A43B-BEA52E7F9CC6}.Release|Any CPU.ActiveCfg = Release|Any CPU
		{B2F4A4E7-5582-4FE1-A43B-BEA52E7F9CC6}.Release|Any CPU.Build.0 = Release|Any CPU
		{B2F4A4E7-5582-4FE1-A43B-BEA52E7F9CC6}.Release|ARM.ActiveCfg = Release|Any CPU
		{B2F4A4E7-5582-4FE1-A43B-BEA52E7F9CC6}.Release|iPhone.ActiveCfg = Release|Any CPU
		{B2F4A4E7-5582-4FE1-A43B-BEA52E7F9CC6}.Release|iPhone.Build.0 = Release|Any CPU
		{B2F4A4E7-5582-4FE1-A43B-BEA52E7F9CC6}.Release|iPhoneSimulator.ActiveCfg = Release|Any CPU
		{B2F4A4E7-5582-4FE1-A43B-BEA52E7F9CC6}.Release|iPhoneSimulator.Build.0 = Release|Any CPU
		{B2F4A4E7-5582-4FE1-A43B-BEA52E7F9CC6}.Release|x86.ActiveCfg = Release|Any CPU
		{C11AA5BE-F071-4EE9-AAEF-4B7F0B1534E5}.Debug|Any CPU.ActiveCfg = Debug|Any CPU
		{C11AA5BE-F071-4EE9-AAEF-4B7F0B1534E5}.Debug|Any CPU.Build.0 = Debug|Any CPU
		{C11AA5BE-F071-4EE9-AAEF-4B7F0B1534E5}.Debug|ARM.ActiveCfg = Debug|Any CPU
		{C11AA5BE-F071-4EE9-AAEF-4B7F0B1534E5}.Debug|ARM.Build.0 = Debug|Any CPU
		{C11AA5BE-F071-4EE9-AAEF-4B7F0B1534E5}.Debug|iPhone.ActiveCfg = Debug|Any CPU
		{C11AA5BE-F071-4EE9-AAEF-4B7F0B1534E5}.Debug|iPhone.Build.0 = Debug|Any CPU
		{C11AA5BE-F071-4EE9-AAEF-4B7F0B1534E5}.Debug|iPhoneSimulator.ActiveCfg = Debug|Any CPU
		{C11AA5BE-F071-4EE9-AAEF-4B7F0B1534E5}.Debug|iPhoneSimulator.Build.0 = Debug|Any CPU
		{C11AA5BE-F071-4EE9-AAEF-4B7F0B1534E5}.Debug|x86.ActiveCfg = Debug|Any CPU
		{C11AA5BE-F071-4EE9-AAEF-4B7F0B1534E5}.Debug|x86.Build.0 = Debug|Any CPU
		{C11AA5BE-F071-4EE9-AAEF-4B7F0B1534E5}.Debug-Mock|Any CPU.ActiveCfg = Debug|Any CPU
		{C11AA5BE-F071-4EE9-AAEF-4B7F0B1534E5}.Debug-Mock|ARM.ActiveCfg = Debug|Any CPU
		{C11AA5BE-F071-4EE9-AAEF-4B7F0B1534E5}.Debug-Mock|iPhone.ActiveCfg = Debug|Any CPU
		{C11AA5BE-F071-4EE9-AAEF-4B7F0B1534E5}.Debug-Mock|iPhone.Build.0 = Debug|Any CPU
		{C11AA5BE-F071-4EE9-AAEF-4B7F0B1534E5}.Debug-Mock|iPhoneSimulator.ActiveCfg = Debug|Any CPU
		{C11AA5BE-F071-4EE9-AAEF-4B7F0B1534E5}.Debug-Mock|iPhoneSimulator.Build.0 = Debug|Any CPU
		{C11AA5BE-F071-4EE9-AAEF-4B7F0B1534E5}.Debug-Mock|x86.ActiveCfg = Debug|Any CPU
		{C11AA5BE-F071-4EE9-AAEF-4B7F0B1534E5}.Release|Any CPU.ActiveCfg = Release|Any CPU
		{C11AA5BE-F071-4EE9-AAEF-4B7F0B1534E5}.Release|Any CPU.Build.0 = Release|Any CPU
		{C11AA5BE-F071-4EE9-AAEF-4B7F0B1534E5}.Release|ARM.ActiveCfg = Release|Any CPU
		{C11AA5BE-F071-4EE9-AAEF-4B7F0B1534E5}.Release|ARM.Build.0 = Release|Any CPU
		{C11AA5BE-F071-4EE9-AAEF-4B7F0B1534E5}.Release|iPhone.ActiveCfg = Release|Any CPU
		{C11AA5BE-F071-4EE9-AAEF-4B7F0B1534E5}.Release|iPhone.Build.0 = Release|Any CPU
		{C11AA5BE-F071-4EE9-AAEF-4B7F0B1534E5}.Release|iPhoneSimulator.ActiveCfg = Release|Any CPU
		{C11AA5BE-F071-4EE9-AAEF-4B7F0B1534E5}.Release|iPhoneSimulator.Build.0 = Release|Any CPU
		{C11AA5BE-F071-4EE9-AAEF-4B7F0B1534E5}.Release|x86.ActiveCfg = Release|Any CPU
		{C11AA5BE-F071-4EE9-AAEF-4B7F0B1534E5}.Release|x86.Build.0 = Release|Any CPU
		{C311C808-3458-4BFF-9C26-7C9A92F557DF}.Debug|Any CPU.ActiveCfg = Debug|Any CPU
		{C311C808-3458-4BFF-9C26-7C9A92F557DF}.Debug|Any CPU.Build.0 = Debug|Any CPU
		{C311C808-3458-4BFF-9C26-7C9A92F557DF}.Debug|ARM.ActiveCfg = Debug|Any CPU
		{C311C808-3458-4BFF-9C26-7C9A92F557DF}.Debug|iPhone.ActiveCfg = Debug|Any CPU
		{C311C808-3458-4BFF-9C26-7C9A92F557DF}.Debug|iPhone.Build.0 = Debug|Any CPU
		{C311C808-3458-4BFF-9C26-7C9A92F557DF}.Debug|iPhoneSimulator.ActiveCfg = Debug|Any CPU
		{C311C808-3458-4BFF-9C26-7C9A92F557DF}.Debug|iPhoneSimulator.Build.0 = Debug|Any CPU
		{C311C808-3458-4BFF-9C26-7C9A92F557DF}.Debug|x86.ActiveCfg = Debug|Any CPU
		{C311C808-3458-4BFF-9C26-7C9A92F557DF}.Debug-Mock|Any CPU.ActiveCfg = Debug|Any CPU
		{C311C808-3458-4BFF-9C26-7C9A92F557DF}.Debug-Mock|ARM.ActiveCfg = Debug|Any CPU
		{C311C808-3458-4BFF-9C26-7C9A92F557DF}.Debug-Mock|iPhone.ActiveCfg = Debug|Any CPU
		{C311C808-3458-4BFF-9C26-7C9A92F557DF}.Debug-Mock|iPhone.Build.0 = Debug|Any CPU
		{C311C808-3458-4BFF-9C26-7C9A92F557DF}.Debug-Mock|iPhoneSimulator.ActiveCfg = Debug|Any CPU
		{C311C808-3458-4BFF-9C26-7C9A92F557DF}.Debug-Mock|iPhoneSimulator.Build.0 = Debug|Any CPU
		{C311C808-3458-4BFF-9C26-7C9A92F557DF}.Debug-Mock|x86.ActiveCfg = Debug|Any CPU
		{C311C808-3458-4BFF-9C26-7C9A92F557DF}.Release|Any CPU.ActiveCfg = Release|Any CPU
		{C311C808-3458-4BFF-9C26-7C9A92F557DF}.Release|Any CPU.Build.0 = Release|Any CPU
		{C311C808-3458-4BFF-9C26-7C9A92F557DF}.Release|ARM.ActiveCfg = Release|Any CPU
		{C311C808-3458-4BFF-9C26-7C9A92F557DF}.Release|iPhone.ActiveCfg = Release|Any CPU
		{C311C808-3458-4BFF-9C26-7C9A92F557DF}.Release|iPhone.Build.0 = Release|Any CPU
		{C311C808-3458-4BFF-9C26-7C9A92F557DF}.Release|iPhoneSimulator.ActiveCfg = Release|Any CPU
		{C311C808-3458-4BFF-9C26-7C9A92F557DF}.Release|iPhoneSimulator.Build.0 = Release|Any CPU
		{C311C808-3458-4BFF-9C26-7C9A92F557DF}.Release|x86.ActiveCfg = Release|Any CPU
		{CFC9F457-E155-4D2A-85E7-442D1934243A}.Debug|Any CPU.ActiveCfg = Debug|Any CPU
		{CFC9F457-E155-4D2A-85E7-442D1934243A}.Debug|Any CPU.Build.0 = Debug|Any CPU
		{CFC9F457-E155-4D2A-85E7-442D1934243A}.Debug|ARM.ActiveCfg = Debug|Any CPU
		{CFC9F457-E155-4D2A-85E7-442D1934243A}.Debug|iPhone.ActiveCfg = Debug|Any CPU
		{CFC9F457-E155-4D2A-85E7-442D1934243A}.Debug|iPhone.Build.0 = Debug|Any CPU
		{CFC9F457-E155-4D2A-85E7-442D1934243A}.Debug|iPhoneSimulator.ActiveCfg = Debug|Any CPU
		{CFC9F457-E155-4D2A-85E7-442D1934243A}.Debug|iPhoneSimulator.Build.0 = Debug|Any CPU
		{CFC9F457-E155-4D2A-85E7-442D1934243A}.Debug|x86.ActiveCfg = Debug|Any CPU
		{CFC9F457-E155-4D2A-85E7-442D1934243A}.Debug-Mock|Any CPU.ActiveCfg = Debug|Any CPU
		{CFC9F457-E155-4D2A-85E7-442D1934243A}.Debug-Mock|ARM.ActiveCfg = Debug|Any CPU
		{CFC9F457-E155-4D2A-85E7-442D1934243A}.Debug-Mock|iPhone.ActiveCfg = Debug|Any CPU
		{CFC9F457-E155-4D2A-85E7-442D1934243A}.Debug-Mock|iPhone.Build.0 = Debug|Any CPU
		{CFC9F457-E155-4D2A-85E7-442D1934243A}.Debug-Mock|iPhoneSimulator.ActiveCfg = Debug|Any CPU
		{CFC9F457-E155-4D2A-85E7-442D1934243A}.Debug-Mock|iPhoneSimulator.Build.0 = Debug|Any CPU
		{CFC9F457-E155-4D2A-85E7-442D1934243A}.Debug-Mock|x86.ActiveCfg = Debug|Any CPU
		{CFC9F457-E155-4D2A-85E7-442D1934243A}.Release|Any CPU.ActiveCfg = Release|Any CPU
		{CFC9F457-E155-4D2A-85E7-442D1934243A}.Release|Any CPU.Build.0 = Release|Any CPU
		{CFC9F457-E155-4D2A-85E7-442D1934243A}.Release|ARM.ActiveCfg = Release|Any CPU
		{CFC9F457-E155-4D2A-85E7-442D1934243A}.Release|iPhone.ActiveCfg = Release|Any CPU
		{CFC9F457-E155-4D2A-85E7-442D1934243A}.Release|iPhone.Build.0 = Release|Any CPU
		{CFC9F457-E155-4D2A-85E7-442D1934243A}.Release|iPhoneSimulator.ActiveCfg = Release|Any CPU
		{CFC9F457-E155-4D2A-85E7-442D1934243A}.Release|iPhoneSimulator.Build.0 = Release|Any CPU
		{CFC9F457-E155-4D2A-85E7-442D1934243A}.Release|x86.ActiveCfg = Release|Any CPU
		{DB947194-9A53-4A2C-A72C-3E60B9C7A001}.Debug|Any CPU.ActiveCfg = Debug|Any CPU
		{DB947194-9A53-4A2C-A72C-3E60B9C7A001}.Debug|Any CPU.Build.0 = Debug|Any CPU
		{DB947194-9A53-4A2C-A72C-3E60B9C7A001}.Debug|ARM.ActiveCfg = Debug|Any CPU
		{DB947194-9A53-4A2C-A72C-3E60B9C7A001}.Debug|iPhone.ActiveCfg = Debug|Any CPU
		{DB947194-9A53-4A2C-A72C-3E60B9C7A001}.Debug|iPhone.Build.0 = Debug|Any CPU
		{DB947194-9A53-4A2C-A72C-3E60B9C7A001}.Debug|iPhoneSimulator.ActiveCfg = Debug|Any CPU
		{DB947194-9A53-4A2C-A72C-3E60B9C7A001}.Debug|iPhoneSimulator.Build.0 = Debug|Any CPU
		{DB947194-9A53-4A2C-A72C-3E60B9C7A001}.Debug|x86.ActiveCfg = Debug|Any CPU
		{DB947194-9A53-4A2C-A72C-3E60B9C7A001}.Debug-Mock|Any CPU.ActiveCfg = Debug|Any CPU
		{DB947194-9A53-4A2C-A72C-3E60B9C7A001}.Debug-Mock|ARM.ActiveCfg = Debug|Any CPU
		{DB947194-9A53-4A2C-A72C-3E60B9C7A001}.Debug-Mock|iPhone.ActiveCfg = Debug|Any CPU
		{DB947194-9A53-4A2C-A72C-3E60B9C7A001}.Debug-Mock|iPhone.Build.0 = Debug|Any CPU
		{DB947194-9A53-4A2C-A72C-3E60B9C7A001}.Debug-Mock|iPhoneSimulator.ActiveCfg = Debug|Any CPU
		{DB947194-9A53-4A2C-A72C-3E60B9C7A001}.Debug-Mock|iPhoneSimulator.Build.0 = Debug|Any CPU
		{DB947194-9A53-4A2C-A72C-3E60B9C7A001}.Debug-Mock|x86.ActiveCfg = Debug|Any CPU
		{DB947194-9A53-4A2C-A72C-3E60B9C7A001}.Release|Any CPU.ActiveCfg = Release|Any CPU
		{DB947194-9A53-4A2C-A72C-3E60B9C7A001}.Release|Any CPU.Build.0 = Release|Any CPU
		{DB947194-9A53-4A2C-A72C-3E60B9C7A001}.Release|ARM.ActiveCfg = Release|Any CPU
		{DB947194-9A53-4A2C-A72C-3E60B9C7A001}.Release|iPhone.ActiveCfg = Release|Any CPU
		{DB947194-9A53-4A2C-A72C-3E60B9C7A001}.Release|iPhone.Build.0 = Release|Any CPU
		{DB947194-9A53-4A2C-A72C-3E60B9C7A001}.Release|iPhoneSimulator.ActiveCfg = Release|Any CPU
		{DB947194-9A53-4A2C-A72C-3E60B9C7A001}.Release|iPhoneSimulator.Build.0 = Release|Any CPU
		{DB947194-9A53-4A2C-A72C-3E60B9C7A001}.Release|x86.ActiveCfg = Release|Any CPU
		{2AC48CC7-2058-46D1-A2C9-BA85F0461FC3}.Debug|Any CPU.ActiveCfg = Debug|Any CPU
		{2AC48CC7-2058-46D1-A2C9-BA85F0461FC3}.Debug|Any CPU.Build.0 = Debug|Any CPU
		{2AC48CC7-2058-46D1-A2C9-BA85F0461FC3}.Debug|ARM.ActiveCfg = Debug|Any CPU
		{2AC48CC7-2058-46D1-A2C9-BA85F0461FC3}.Debug|ARM.Build.0 = Debug|Any CPU
		{2AC48CC7-2058-46D1-A2C9-BA85F0461FC3}.Debug|iPhone.ActiveCfg = Debug|Any CPU
		{2AC48CC7-2058-46D1-A2C9-BA85F0461FC3}.Debug|iPhone.Build.0 = Debug|Any CPU
		{2AC48CC7-2058-46D1-A2C9-BA85F0461FC3}.Debug|iPhoneSimulator.ActiveCfg = Debug|Any CPU
		{2AC48CC7-2058-46D1-A2C9-BA85F0461FC3}.Debug|iPhoneSimulator.Build.0 = Debug|Any CPU
		{2AC48CC7-2058-46D1-A2C9-BA85F0461FC3}.Debug|x86.ActiveCfg = Debug|Any CPU
		{2AC48CC7-2058-46D1-A2C9-BA85F0461FC3}.Debug|x86.Build.0 = Debug|Any CPU
		{2AC48CC7-2058-46D1-A2C9-BA85F0461FC3}.Debug-Mock|Any CPU.ActiveCfg = Debug|Any CPU
		{2AC48CC7-2058-46D1-A2C9-BA85F0461FC3}.Debug-Mock|Any CPU.Build.0 = Debug|Any CPU
		{2AC48CC7-2058-46D1-A2C9-BA85F0461FC3}.Debug-Mock|ARM.ActiveCfg = Debug|Any CPU
		{2AC48CC7-2058-46D1-A2C9-BA85F0461FC3}.Debug-Mock|ARM.Build.0 = Debug|Any CPU
		{2AC48CC7-2058-46D1-A2C9-BA85F0461FC3}.Debug-Mock|iPhone.ActiveCfg = Debug|Any CPU
		{2AC48CC7-2058-46D1-A2C9-BA85F0461FC3}.Debug-Mock|iPhone.Build.0 = Debug|Any CPU
		{2AC48CC7-2058-46D1-A2C9-BA85F0461FC3}.Debug-Mock|iPhoneSimulator.ActiveCfg = Debug|Any CPU
		{2AC48CC7-2058-46D1-A2C9-BA85F0461FC3}.Debug-Mock|iPhoneSimulator.Build.0 = Debug|Any CPU
		{2AC48CC7-2058-46D1-A2C9-BA85F0461FC3}.Debug-Mock|x86.ActiveCfg = Debug|Any CPU
		{2AC48CC7-2058-46D1-A2C9-BA85F0461FC3}.Debug-Mock|x86.Build.0 = Debug|Any CPU
		{2AC48CC7-2058-46D1-A2C9-BA85F0461FC3}.Release|Any CPU.ActiveCfg = Release|Any CPU
		{2AC48CC7-2058-46D1-A2C9-BA85F0461FC3}.Release|Any CPU.Build.0 = Release|Any CPU
		{2AC48CC7-2058-46D1-A2C9-BA85F0461FC3}.Release|ARM.ActiveCfg = Release|Any CPU
		{2AC48CC7-2058-46D1-A2C9-BA85F0461FC3}.Release|ARM.Build.0 = Release|Any CPU
		{2AC48CC7-2058-46D1-A2C9-BA85F0461FC3}.Release|iPhone.ActiveCfg = Release|Any CPU
		{2AC48CC7-2058-46D1-A2C9-BA85F0461FC3}.Release|iPhone.Build.0 = Release|Any CPU
		{2AC48CC7-2058-46D1-A2C9-BA85F0461FC3}.Release|iPhoneSimulator.ActiveCfg = Release|Any CPU
		{2AC48CC7-2058-46D1-A2C9-BA85F0461FC3}.Release|iPhoneSimulator.Build.0 = Release|Any CPU
		{2AC48CC7-2058-46D1-A2C9-BA85F0461FC3}.Release|x86.ActiveCfg = Release|Any CPU
		{2AC48CC7-2058-46D1-A2C9-BA85F0461FC3}.Release|x86.Build.0 = Release|Any CPU
	EndGlobalSection
	GlobalSection(SolutionProperties) = preSolution
		HideSolutionNode = FALSE
	EndGlobalSection
	GlobalSection(TeamFoundationVersionControl) = preSolution
		SccNumberOfProjects = 11
		SccEnterpriseProvider = {4CA58AB2-18FA-4F8D-95D4-32DDF27D184C}
		SccTeamFoundationServer = http://team.ugroup.vn:8080/tfs/ug2014
		SccProjectUniqueName0 = Sync7i.Mobile.Agents\\Sync7i.Mobile.Agents.csproj
		SccProjectName0 = Sync7i.Mobile.Agents
		SccLocalPath0 = Sync7i.Mobile.Agents
		SccProjectUniqueName1 = Sync7i.Mobile.BusinessEntities\\Sync7i.Mobile.BusinessEntities.csproj
		SccProjectName1 = Sync7i.Mobile.BusinessEntities
		SccLocalPath1 = Sync7i.Mobile.BusinessEntities
		SccProjectUniqueName2 = Sync7i.Mobile.BusinessLogics\\Sync7i.Mobile.BusinessLogics.csproj
		SccProjectName2 = Sync7i.Mobile.BusinessLogics
		SccLocalPath2 = Sync7i.Mobile.BusinessLogics
		SccProjectUniqueName3 = Sync7i.Mobile.Common\\Sync7i.Mobile.Common.csproj
		SccProjectName3 = Sync7i.Mobile.Common
		SccLocalPath3 = Sync7i.Mobile.Common
		SccProjectUniqueName4 = Sync7i.Mobile.DataAccess\\Sync7i.Mobile.DataAccess.csproj
		SccProjectName4 = Sync7i.Mobile.DataAccess
		SccLocalPath4 = Sync7i.Mobile.DataAccess
		SccProjectUniqueName5 = Sync7i.Mobile.Droid.UITests\\Sync7i.Mobile.Droid.UITests.csproj
		SccProjectName5 = Sync7i.Mobile.Droid.UITests
		SccLocalPath5 = Sync7i.Mobile.Droid.UITests
		SccProjectUniqueName6 = Sync7i.Mobile.Share\\Sync7i.Mobile.Share.csproj
		SccProjectName6 = Sync7i.Mobile.Share
		SccLocalPath6 = Sync7i.Mobile.Share
		SccProjectUniqueName7 = Sync7i.Mobile.SqliteDataAccess\\Sync7i.Mobile.SqliteDataAccess.csproj
		SccProjectName7 = Sync7i.Mobile.SqliteDataAccess
		SccLocalPath7 = Sync7i.Mobile.SqliteDataAccess
		SccProjectUniqueName8 = UG.Mobile.Framework\\UG.Mobile.Framework.csproj
		SccProjectName8 = UG.Mobile.Framework
		SccLocalPath8 = UG.Mobile.Framework
		SccProjectUniqueName9 = Sync7i.Mobile.Droid\\Sync7i.Mobile.Droid.csproj
		SccProjectName9 = Sync7i.Mobile.Droid
		SccLocalPath9 = Sync7i.Mobile.Droid
		SccLocalPath10 = .
	EndGlobalSection
EndGlobal
